
Microsoft Visual Studio Solution File, Format Version 12.00
# Visual Studio Version 17
VisualStudioVersion = 17.6.33815.320
MinimumVisualStudioVersion = 10.0.40219.1
Project("{FAE04EC0-301F-11D3-BF4B-00C04F79EFBC}") = "StringSplitter", "StringSplitter\StringSplitter.csproj", "{96386997-9BB2-4114-BE66-5B9FFA1932AA}"
EndProject
Global
	GlobalSection(SolutionConfigurationPlatforms) = preSolution
		Debug|Any CPU = Debug|Any CPU
		Release|Any CPU = Release|Any CPU
	EndGlobalSection
	GlobalSection(ProjectConfigurationPlatforms) = postSolution
		{96386997-9BB2-4114-BE66-5B9FFA1932AA}.Debug|Any CPU.ActiveCfg = Debug|Any CPU
		{96386997-9BB2-4114-BE66-5B9FFA1932AA}.Debug|Any CPU.Build.0 = Debug|Any CPU
		{96386997-9BB2-4114-BE66-5B9FFA1932AA}.Release|Any CPU.ActiveCfg = Release|Any CPU
		{96386997-9BB2-4114-BE66-5B9FFA1932AA}.Release|Any CPU.Build.0 = Release|Any CPU
	EndGlobalSection
	GlobalSection(SolutionProperties) = preSolution
		HideSolutionNode = FALSE
	EndGlobalSection
	GlobalSection(ExtensibilityGlobals) = postSolution
		SolutionGuid = {28235898-4393-4FF3-85BD-BB51AA7060E1}
	EndGlobalSection
EndGlobal
